{
  "meteor": {},
  "dependencies": {
    "basePackages": {
      "sass": {},
      "bootboxjs": {},
      "bootstrap3-sass": {}
    },
    "packages": {
      "sass": {
        "git": "https://github.com/particle4dev/meteor-sass.git",
        "tag": "v0.1.7",
        "commit": "b41757f87475186b1485ec54a819d6e027ee3d88"
      },
      "bootboxjs": {
        "git": "https://github.com/TimHeckel/meteor-bootboxjs.git",
        "tag": "v4.2.1-master.1",
        "commit": "c125969c1f3aef30e2a2ff20252bd3b2e4014b2f"
      },
      "bootstrap3-sass": {
        "git": "https://github.com/reywood/meteor-bootstrap3-sass.git",
        "tag": "v3.1.1-5",
        "commit": "d61b7c69aecf1c2033db6b8d283fcfabe9788451"
      },
      "scss": {
        "git": "https://github.com/fourseven/meteor-scss.git",
        "tag": "v0.9.3",
        "commit": "185f3b2787fb85e653f7b7bf603d1493ed14943d"
      }
    }
  }
}
